
Microsoft Visual Studio Solution File, Format Version 12.00
# Visual Studio Version 17
VisualStudioVersion = 17.6.33829.357
MinimumVisualStudioVersion = 10.0.40219.1
Project("{9A19103F-16F7-4668-BE54-9A1E7A4F7556}") = "WebApplication3", "WebApplication3\WebApplication3.csproj", "{E7D2DA8A-FF8C-4162-962E-B6E2A08B4D32}"
EndProject
Global
	GlobalSection(SolutionConfigurationPlatforms) = preSolution
		Debug|Any CPU = Debug|Any CPU
		Release|Any CPU = Release|Any CPU
	EndGlobalSection
	GlobalSection(ProjectConfigurationPlatforms) = postSolution
		{E7D2DA8A-FF8C-4162-962E-B6E2A08B4D32}.Debug|Any CPU.ActiveCfg = Debug|Any CPU
		{E7D2DA8A-FF8C-4162-962E-B6E2A08B4D32}.Debug|Any CPU.Build.0 = Debug|Any CPU
		{E7D2DA8A-FF8C-4162-962E-B6E2A08B4D32}.Release|Any CPU.ActiveCfg = Release|Any CPU
		{E7D2DA8A-FF8C-4162-962E-B6E2A08B4D32}.Release|Any CPU.Build.0 = Release|Any CPU
	EndGlobalSection
	GlobalSection(SolutionProperties) = preSolution
		HideSolutionNode = FALSE
	EndGlobalSection
	GlobalSection(ExtensibilityGlobals) = postSolution
		SolutionGuid = {2A1A3CEB-913B-4B99-99CF-93FE10348725}
	EndGlobalSection
EndGlobal
